
Microsoft Visual Studio Solution File, Format Version 12.00
# Visual Studio Version 16
VisualStudioVersion = 16.0.34601.136
MinimumVisualStudioVersion = 10.0.40219.1
Project("{888888A0-9F3D-457C-B088-3A5042F75D52}") = "BottleWebProject2", "BottleWebProject2\BottleWebProject2.pyproj", "{2419485B-8014-4053-996B-56A24AB01A92}"
EndProject
Global
	GlobalSection(SolutionConfigurationPlatforms) = preSolution
		Debug|Any CPU = Debug|Any CPU
		Release|Any CPU = Release|Any CPU
	EndGlobalSection
	GlobalSection(ProjectConfigurationPlatforms) = postSolution
		{2419485B-8014-4053-996B-56A24AB01A92}.Debug|Any CPU.ActiveCfg = Debug|Any CPU
		{2419485B-8014-4053-996B-56A24AB01A92}.Debug|Any CPU.Build.0 = Debug|Any CPU
		{2419485B-8014-4053-996B-56A24AB01A92}.Release|Any CPU.ActiveCfg = Release|Any CPU
		{2419485B-8014-4053-996B-56A24AB01A92}.Release|Any CPU.Build.0 = Release|Any CPU
	EndGlobalSection
	GlobalSection(SolutionProperties) = preSolution
		HideSolutionNode = FALSE
	EndGlobalSection
	GlobalSection(ExtensibilityGlobals) = postSolution
		SolutionGuid = {B073F15B-F901-4AE9-99F9-E1EE4177E2FB}
	EndGlobalSection
EndGlobal
